{
  "name": "homenode-zwave",
  "version": "1.0.0",
  "lockfileVersion": 1,
  "requires": true,
  "dependencies": {
    "nan": {
      "version": "2.14.0",
      "resolved": "https://registry.npmjs.org/nan/-/nan-2.14.0.tgz",
      "integrity": "sha512-INOFj37C7k3AfaNTtX8RhsTw7qRy7eLET14cROi9+5HAVbbHuIWUHEauBv5qT4Av2tWasiTY1Jw6puUNqRJXQg=="
    },
    "openzwave-shared": {
      "version": "1.4.8",
      "resolved": "https://registry.npmjs.org/openzwave-shared/-/openzwave-shared-1.4.8.tgz",
      "integrity": "sha512-oigAhIHYZ8qhZRV10gTNJJrXbtJMvrARVlPyokzYq1wcbRqLvVcmR3psQ7m2aRaiYKHmWqkGaTwPYpPuoSk2Rw==",
      "requires": {
        "nan": ">=2.10.0"
      }
    }
  }
}
